# THIS IS AN AUTOGENERATED FILE. DO NOT EDIT THIS FILE DIRECTLY.
# yarn lockfile v1


"@babel/runtime@^7.1.2":
  version "7.6.3"
  resolved "https://registry.yarnpkg.com/@babel/runtime/-/runtime-7.6.3.tgz#935122c74c73d2240cafd32ddb5fc2a6cd35cf1f"
  integrity sha512-kq6anf9JGjW8Nt5rYfEuGRaEAaH1mkv3Bbu6rYvLOpPh/RusSJXuKPEAoZ7L7gybZkchE8+NV5g9vKF4AGAtsA==
  dependencies:
    regenerator-runtime "^0.13.2"

classnames@^2.2.6:
  version "2.2.6"
  resolved "https://registry.yarnpkg.com/classnames/-/classnames-2.2.6.tgz#43935bffdd291f326dad0a205309b38d00f650ce"
  integrity sha512-JR/iSQOSt+LQIWwrwEzJ9uk0xfN3mTVYMwt1Ir5mUcSN6pU+V4zQFFaJsclJbPuAUQH+yfWef6tm7l1quW3C8Q==

create-react-context@^0.3.0:
  version "0.3.0"
  resolved "https://registry.yarnpkg.com/create-react-context/-/create-react-context-0.3.0.tgz#546dede9dc422def0d3fc2fe03afe0bc0f4f7d8c"
  integrity sha512-dNldIoSuNSvlTJ7slIKC/ZFGKexBMBrrcc+TTe1NdmROnaASuLPvqpwj9v4XS4uXZ8+YPu0sNmShX2rXI5LNsw==
  dependencies:
    gud "^1.0.0"
    warning "^4.0.3"

date-fns@^2.0.1:
  version "2.4.1"
  resolved "https://registry.yarnpkg.com/date-fns/-/date-fns-2.4.1.tgz#b53f9bb65ae6bd9239437035710e01cf383b625e"
  integrity sha512-2RhmH/sjDSCYW2F3ZQxOUx/I7PvzXpi89aQL2d3OAxSTwLx6NilATeUbe0menFE3Lu5lFkOFci36ivimwYHHxw==

detect-element-overflow@^1.1.1:
  version "1.1.1"
  resolved "https://registry.yarnpkg.com/detect-element-overflow/-/detect-element-overflow-1.1.1.tgz#771c50ec9d69f487477fef9728db0766a8f6962d"
  integrity sha512-07f/EWuaPHU2JqPLg1JPuNaf47h+A5dt70EHO+X+U1zzSuAsgmI5qAU3kP1bCMICYmuvMrcqEZOIxiLB9d8zdg==

get-user-locale@^1.1.1, get-user-locale@^1.2.0:
  version "1.2.0"
  resolved "https://registry.yarnpkg.com/get-user-locale/-/get-user-locale-1.2.0.tgz#e4940db90a6694a512455af3f756903a01410eb7"
  integrity sha512-yodJVDMWnM4ZOGa+n1ofebE8u+yjd8FIZMqthUK+xcOQcmfU2ECaP5gLiTMt6j0R/e67QsEelES0fQYLy/oHPg==
  dependencies:
    lodash.once "^4.1.1"

gud@^1.0.0:
  version "1.0.0"
  resolved "https://registry.yarnpkg.com/gud/-/gud-1.0.0.tgz#a489581b17e6a70beca9abe3ae57de7a499852c0"
  integrity sha512-zGEOVKFM5sVPPrYs7J5/hYEw2Pof8KCyOwyhG8sAF26mCAeUFAcYPu1mwB7hhpIP29zOIBaDqwuHdLp0jvZXjw==

"js-tokens@^3.0.0 || ^4.0.0":
  version "4.0.0"
  resolved "https://registry.yarnpkg.com/js-tokens/-/js-tokens-4.0.0.tgz#19203fb59991df98e3a287050d4647cdeaf32499"
  integrity sha512-RdJUflcE3cUzKiMqQgsCu06FPu9UdIJO0beYbPhHN4k6apgJtifcoCtT9bcxOpYBtpD2kCM6Sbzg4CausW/PKQ==

lodash.once@^4.1.1:
  version "4.1.1"
  resolved "https://registry.yarnpkg.com/lodash.once/-/lodash.once-4.1.1.tgz#0dd3971213c7c56df880977d504c88fb471a97ac"
  integrity sha1-DdOXEhPHxW34gJd9UEyI+0cal6w=

loose-envify@^1.0.0, loose-envify@^1.4.0:
  version "1.4.0"
  resolved "https://registry.yarnpkg.com/loose-envify/-/loose-envify-1.4.0.tgz#71ee51fa7be4caec1a63839f7e682d8132d30caf"
  integrity sha512-lyuxPGr/Wfhrlem2CL/UcnUc1zcqKAImBDzukY7Y5F/yQiNdko6+fRLevlw1HgMySw7f611UIY408EtxRSoK3Q==
  dependencies:
    js-tokens "^3.0.0 || ^4.0.0"

make-event-props@^1.1.0:
  version "1.2.0"
  resolved "https://registry.yarnpkg.com/make-event-props/-/make-event-props-1.2.0.tgz#96b87d88919533b8f8934b58b4c3d5679459a0cf"
  integrity sha512-BmWFkm/jZzVH9A0tEBdkjAARUz/eha+5IRyfOndeSMKRadkgR5DawoBHoRwLxkYmjJOI5bHkXKpaZocxj+dKgg==

merge-class-names@^1.1.1:
  version "1.2.0"
  resolved "https://registry.yarnpkg.com/merge-class-names/-/merge-class-names-1.2.0.tgz#cb30ecfc3bdbd96b6f76d0a98777907e5fbb3462"
  integrity sha512-ifHxhC8DojHT1rG3PHCaJYInUqPd0WO+PxsaYDMkgy7RzfyOFtnlpr/hbhki+m/3R/ujIRVnZkD/AHjgjb5uhg==

object-assign@^4.1.1:
  version "4.1.1"
  resolved "https://registry.yarnpkg.com/object-assign/-/object-assign-4.1.1.tgz#2109adc7965887cfc05cbbd442cac8bfbb360863"
  integrity sha1-IQmtx5ZYh8/AXLvUQsrIv7s2CGM=

popper.js@^1.14.4:
  version "1.15.0"
  resolved "https://registry.yarnpkg.com/popper.js/-/popper.js-1.15.0.tgz#5560b99bbad7647e9faa475c6b8056621f5a4ff2"
  integrity sha512-w010cY1oCUmI+9KwwlWki+r5jxKfTFDVoadl7MSrIujHU5MJ5OR6HTDj6Xo8aoR/QsA56x8jKjA59qGH4ELtrA==

prop-types@^15.6.0, prop-types@^15.6.1, prop-types@^15.7.2:
  version "15.7.2"
  resolved "https://registry.yarnpkg.com/prop-types/-/prop-types-15.7.2.tgz#52c41e75b8c87e72b9d9360e0206b99dcbffa6c5"
  integrity sha512-8QQikdH7//R2vurIJSutZ1smHYTcLpRWEOlHnzcWHmBYrOGUysKwSsrC89BCiFj3CbrfJ/nXFdJepOVrY1GCHQ==
  dependencies:
    loose-envify "^1.4.0"
    object-assign "^4.1.1"
    react-is "^16.8.1"

react-calendar@^2.18.0, react-calendar@^2.19.1:
  version "2.19.2"
  resolved "https://registry.yarnpkg.com/react-calendar/-/react-calendar-2.19.2.tgz#496e78eb11a00aee1ae6b5d02d221ed1ca2db952"
  integrity sha512-zKbWxwmYEg84grFsCJz9EYpnGqsZy0iV67dHzkVE0EhBdXMg2eISBQYvw4+t8zdy5ySxQkDhUW8X8ERbSyZPVw==
  dependencies:
    get-user-locale "^1.2.0"
    merge-class-names "^1.1.1"
    prop-types "^15.6.0"
    react-lifecycles-compat "^3.0.4"

react-clock@^2.3.0:
  version "2.4.0"
  resolved "https://registry.yarnpkg.com/react-clock/-/react-clock-2.4.0.tgz#39540f84e16f8b2c2137640f535c162041bd2a1e"
  integrity sha512-BlzkzbhLEzLwdqtl+PAPvzMhRvg4xyxsiQnGpb+ZzL4YY5iFQgJa7C48EUGhbpnTtNwyMuaBG4KeYmUuUlTQUQ==
  dependencies:
    merge-class-names "^1.1.1"
    prop-types "^15.6.0"

react-date-picker@^7.8.0:
  version "7.8.2"
  resolved "https://registry.yarnpkg.com/react-date-picker/-/react-date-picker-7.8.2.tgz#448657c6d7fc8e225ff06c7f9345488894d416ce"
  integrity sha512-1zYjN+ez4QYShDpM20zN8tRmAwDMnAIxGUpji0rYrVMVAxWV2uNRvUpETsXz4FQobts6iA/nCiUJay33+k0tow==
  dependencies:
    get-user-locale "^1.2.0"
    make-event-props "^1.1.0"
    merge-class-names "^1.1.1"
    prop-types "^15.6.0"
    react-calendar "^2.19.1"
    react-fit "^1.0.3"
    react-lifecycles-compat "^3.0.4"
    update-input-width "^1.1.1"

react-datepicker@^2.9.6:
  version "2.9.6"
  resolved "https://registry.yarnpkg.com/react-datepicker/-/react-datepicker-2.9.6.tgz#26190c9f71692149d0d163398aa19e08626444b1"
  integrity sha512-PLiVhyAr567gWuLMZwIH9WpTIZOZVLhEFyuUzSx3kmQdiikjrYpdNlxsfbbgaxRnee5y08KJZequaqRsNySXmw==
  dependencies:
    classnames "^2.2.6"
    date-fns "^2.0.1"
    prop-types "^15.7.2"
    react-onclickoutside "^6.9.0"
    react-popper "^1.3.4"

react-datetime-picker@^2.7.1:
  version "2.7.1"
  resolved "https://registry.yarnpkg.com/react-datetime-picker/-/react-datetime-picker-2.7.1.tgz#5d62d559af560be0f7dec550300df97642a3cd78"
  integrity sha512-198IzhGcA0xLz9WjKwseJmdqneTN3ioam6KZt4c+i4biFG2fRFAzqR6GXhBeTOeyAVJ+T6jeJ0bbaxQ+5XpubQ==
  dependencies:
    get-user-locale "^1.1.1"
    make-event-props "^1.1.0"
    merge-class-names "^1.1.1"
    prop-types "^15.6.0"
    react-calendar "^2.18.0"
    react-clock "^2.3.0"
    react-date-picker "^7.8.0"
    react-fit "^1.0.3"
    react-lifecycles-compat "^3.0.4"
    react-time-picker "^3.7.0"

react-fit@^1.0.3:
  version "1.0.5"
  resolved "https://registry.yarnpkg.com/react-fit/-/react-fit-1.0.5.tgz#971490a2e15613712596d9fdad549293d3d30684"
  integrity sha512-TTR/nfFi0d+pJ1ukoKXjd22a9dVbAXFf7IVjny3RIzoI7gt4y26jHds8GHY8jWRy3kDNpQyrC70JOVnkmxoebw==
  dependencies:
    detect-element-overflow "^1.1.1"
    prop-types "^15.6.0"

react-is@^16.8.1:
  version "16.10.2"
  resolved "https://registry.yarnpkg.com/react-is/-/react-is-16.10.2.tgz#984120fd4d16800e9a738208ab1fba422d23b5ab"
  integrity sha512-INBT1QEgtcCCgvccr5/86CfD71fw9EPmDxgiJX4I2Ddr6ZsV6iFXsuby+qWJPtmNuMY0zByTsG4468P7nHuNWA==

react-lifecycles-compat@^3.0.4:
  version "3.0.4"
  resolved "https://registry.yarnpkg.com/react-lifecycles-compat/-/react-lifecycles-compat-3.0.4.tgz#4f1a273afdfc8f3488a8c516bfda78f872352362"
  integrity sha512-fBASbA6LnOU9dOU2eW7aQ8xmYBSXUIWr+UmF9b1efZBazGNO+rcXT/icdKnYm2pTwcRylVUYwW7H1PHfLekVzA==

react-onclickoutside@^6.9.0:
  version "6.9.0"
  resolved "https://registry.yarnpkg.com/react-onclickoutside/-/react-onclickoutside-6.9.0.tgz#a54bc317ae8cf6131a5d78acea55a11067f37a1f"
  integrity sha512-8ltIY3bC7oGhj2nPAvWOGi+xGFybPNhJM0V1H8hY/whNcXgmDeaeoCMPPd8VatrpTsUWjb/vGzrmu6SrXVty3A==

react-popper@^1.3.4:
  version "1.3.4"
  resolved "https://registry.yarnpkg.com/react-popper/-/react-popper-1.3.4.tgz#f0cd3b0d30378e1f663b0d79bcc8614221652ced"
  integrity sha512-9AcQB29V+WrBKk6X7p0eojd1f25/oJajVdMZkywIoAV6Ag7hzE1Mhyeup2Q1QnvFRtGQFQvtqfhlEoDAPfKAVA==
  dependencies:
    "@babel/runtime" "^7.1.2"
    create-react-context "^0.3.0"
    popper.js "^1.14.4"
    prop-types "^15.6.1"
    typed-styles "^0.0.7"
    warning "^4.0.2"

react-time-picker@^3.7.0:
  version "3.7.2"
  resolved "https://registry.yarnpkg.com/react-time-picker/-/react-time-picker-3.7.2.tgz#c59b623d1d5b6f3ecf661ee415c074c13609a4f0"
  integrity sha512-qT3N2lZZ1PHt0h6Q4IxMbgKftqIskQL9Z3BaZebpIVskL7zvT5drnNxxZeYAtRwMogv3l9EAOsDSIdnG+uV2gQ==
  dependencies:
    get-user-locale "^1.2.0"
    make-event-props "^1.1.0"
    merge-class-names "^1.1.1"
    prop-types "^15.6.0"
    react-clock "^2.3.0"
    react-fit "^1.0.3"
    react-lifecycles-compat "^3.0.4"
    update-input-width "^1.1.1"

regenerator-runtime@^0.13.2:
  version "0.13.3"
  resolved "https://registry.yarnpkg.com/regenerator-runtime/-/regenerator-runtime-0.13.3.tgz#7cf6a77d8f5c6f60eb73c5fc1955b2ceb01e6bf5"
  integrity sha512-naKIZz2GQ8JWh///G7L3X6LaQUAMp2lvb1rvwwsURe/VXwD6VMfr+/1NuNw3ag8v2kY1aQ/go5SNn79O9JU7yw==

typed-styles@^0.0.7:
  version "0.0.7"
  resolved "https://registry.yarnpkg.com/typed-styles/-/typed-styles-0.0.7.tgz#93392a008794c4595119ff62dde6809dbc40a3d9"
  integrity sha512-pzP0PWoZUhsECYjABgCGQlRGL1n7tOHsgwYv3oIiEpJwGhFTuty/YNeduxQYzXXa3Ge5BdT6sHYIQYpl4uJ+5Q==

update-input-width@^1.1.1:
  version "1.1.1"
  resolved "https://registry.yarnpkg.com/update-input-width/-/update-input-width-1.1.1.tgz#075cad85e20f542a5eccc216937ab8d57a1ab892"
  integrity sha512-khNPvsmV9CJbvOlK0Wou2FLPNcKFQepq5yKHyClxz39A3TTkCkkDOOdOs1xoMNWKTesN+qQALffoNP4P8Jydgw==

warning@^4.0.2, warning@^4.0.3:
  version "4.0.3"
  resolved "https://registry.yarnpkg.com/warning/-/warning-4.0.3.tgz#16e9e077eb8a86d6af7d64aa1e05fd85b4678ca3"
  integrity sha512-rpJyN222KWIvHJ/F53XSZv0Zl/accqHR8et1kpaMTD/fLCRxtV8iX8czMzY7sVZupTI3zcUTg8eycS2kNF9l6w==
  dependencies:
    loose-envify "^1.0.0"
